
Microsoft Visual Studio Solution File, Format Version 12.00
# Visual Studio Version 16
VisualStudioVersion = 16.0.30204.135
MinimumVisualStudioVersion = 10.0.40219.1
Project("{9A19103F-16F7-4668-BE54-9A1E7A4F7556}") = "InternetServicesProvider", "InternetServicesProvider.csproj", "{6B578E7A-10A5-44AF-96FA-01530B2EF1EF}"
EndProject
Project("{9A19103F-16F7-4668-BE54-9A1E7A4F7556}") = "InternetServicesProvider.Entities", "..\InternetServicesProvider.Entities\InternetServicesProvider.Entities.csproj", "{804E44E5-A42E-47F9-A549-75A8296037E1}"
EndProject
Project("{9A19103F-16F7-4668-BE54-9A1E7A4F7556}") = "InternetServicesProvider.DataLayer", "..\InternetServicesProvider.DataLayer\InternetServicesProvider.DataLayer.csproj", "{ED354016-99ED-43B6-B2F2-D47F7DC15E6C}"
EndProject
Project("{9A19103F-16F7-4668-BE54-9A1E7A4F7556}") = "InternetServicesProvider.BusinessLayer", "..\InternetServicesProvider.BusinessLayer\InternetServicesProvider.BusinessLayer.csproj", "{99CBD7DF-3842-427C-84A3-5C9DC94D920E}"
EndProject
Project("{FAE04EC0-301F-11D3-BF4B-00C04F79EFBC}") = "InternetServicesProvider.Test", "..\InternetServicesProvider.Test\InternetServicesProvider.Test.csproj", "{D3A29E62-1B14-49B9-BF64-F71A5CBEDE9C}"
EndProject
Global
	GlobalSection(SolutionConfigurationPlatforms) = preSolution
		Debug|Any CPU = Debug|Any CPU
		Release|Any CPU = Release|Any CPU
	EndGlobalSection
	GlobalSection(ProjectConfigurationPlatforms) = postSolution
		{6B578E7A-10A5-44AF-96FA-01530B2EF1EF}.Debug|Any CPU.ActiveCfg = Debug|Any CPU
		{6B578E7A-10A5-44AF-96FA-01530B2EF1EF}.Debug|Any CPU.Build.0 = Debug|Any CPU
		{6B578E7A-10A5-44AF-96FA-01530B2EF1EF}.Release|Any CPU.ActiveCfg = Release|Any CPU
		{6B578E7A-10A5-44AF-96FA-01530B2EF1EF}.Release|Any CPU.Build.0 = Release|Any CPU
		{804E44E5-A42E-47F9-A549-75A8296037E1}.Debug|Any CPU.ActiveCfg = Debug|Any CPU
		{804E44E5-A42E-47F9-A549-75A8296037E1}.Debug|Any CPU.Build.0 = Debug|Any CPU
		{804E44E5-A42E-47F9-A549-75A8296037E1}.Release|Any CPU.ActiveCfg = Release|Any CPU
		{804E44E5-A42E-47F9-A549-75A8296037E1}.Release|Any CPU.Build.0 = Release|Any CPU
		{ED354016-99ED-43B6-B2F2-D47F7DC15E6C}.Debug|Any CPU.ActiveCfg = Debug|Any CPU
		{ED354016-99ED-43B6-B2F2-D47F7DC15E6C}.Debug|Any CPU.Build.0 = Debug|Any CPU
		{ED354016-99ED-43B6-B2F2-D47F7DC15E6C}.Release|Any CPU.ActiveCfg = Release|Any CPU
		{ED354016-99ED-43B6-B2F2-D47F7DC15E6C}.Release|Any CPU.Build.0 = Release|Any CPU
		{99CBD7DF-3842-427C-84A3-5C9DC94D920E}.Debug|Any CPU.ActiveCfg = Debug|Any CPU
		{99CBD7DF-3842-427C-84A3-5C9DC94D920E}.Debug|Any CPU.Build.0 = Debug|Any CPU
		{99CBD7DF-3842-427C-84A3-5C9DC94D920E}.Release|Any CPU.ActiveCfg = Release|Any CPU
		{99CBD7DF-3842-427C-84A3-5C9DC94D920E}.Release|Any CPU.Build.0 = Release|Any CPU
		{D3A29E62-1B14-49B9-BF64-F71A5CBEDE9C}.Debug|Any CPU.ActiveCfg = Debug|Any CPU
		{D3A29E62-1B14-49B9-BF64-F71A5CBEDE9C}.Debug|Any CPU.Build.0 = Debug|Any CPU
		{D3A29E62-1B14-49B9-BF64-F71A5CBEDE9C}.Release|Any CPU.ActiveCfg = Release|Any CPU
		{D3A29E62-1B14-49B9-BF64-F71A5CBEDE9C}.Release|Any CPU.Build.0 = Release|Any CPU
	EndGlobalSection
	GlobalSection(SolutionProperties) = preSolution
		HideSolutionNode = FALSE
	EndGlobalSection
	GlobalSection(ExtensibilityGlobals) = postSolution
		SolutionGuid = {9F14FA83-B9FA-491E-9427-84D5D3F7EE79}
	EndGlobalSection
EndGlobal
